
Microsoft Visual Studio Solution File, Format Version 12.00
# Visual Studio Version 16
VisualStudioVersion = 16.0.30717.126
MinimumVisualStudioVersion = 10.0.40219.1
Project("{FAE04EC0-301F-11D3-BF4B-00C04F79EFBC}") = "ConnectionToDatabase", "ConnectionToDatabase\ConnectionToDatabase.csproj", "{9825E746-876C-4844-814F-200EA1F15431}"
EndProject
Global
	GlobalSection(SolutionConfigurationPlatforms) = preSolution
		Debug|Any CPU = Debug|Any CPU
		Release|Any CPU = Release|Any CPU
	EndGlobalSection
	GlobalSection(ProjectConfigurationPlatforms) = postSolution
		{9825E746-876C-4844-814F-200EA1F15431}.Debug|Any CPU.ActiveCfg = Debug|Any CPU
		{9825E746-876C-4844-814F-200EA1F15431}.Debug|Any CPU.Build.0 = Debug|Any CPU
		{9825E746-876C-4844-814F-200EA1F15431}.Release|Any CPU.ActiveCfg = Release|Any CPU
		{9825E746-876C-4844-814F-200EA1F15431}.Release|Any CPU.Build.0 = Release|Any CPU
	EndGlobalSection
	GlobalSection(SolutionProperties) = preSolution
		HideSolutionNode = FALSE
	EndGlobalSection
	GlobalSection(ExtensibilityGlobals) = postSolution
		SolutionGuid = {44A842B1-0808-4CA8-AB06-1E08986FAC7A}
	EndGlobalSection
EndGlobal
